
Microsoft Visual Studio Solution File, Format Version 12.00
# Visual Studio Version 16
VisualStudioVersion = 25.0.1703.3
MinimumVisualStudioVersion = 10.0.40219.1
Project("{FAE04EC0-301F-11D3-BF4B-00C04F79EFBC}") = "Functions", "Functions\Functions.csproj", "{11FBA6BD-5B62-4E0D-81CA-180DF20E0C5C}"
EndProject
Project("{FAE04EC0-301F-11D3-BF4B-00C04F79EFBC}") = "ArgumentsAndParameters", "ArgumentsAndParameters\ArgumentsAndParameters.csproj", "{4F762405-7169-4C61-B4B0-B885A254295B}"
EndProject
Project("{FAE04EC0-301F-11D3-BF4B-00C04F79EFBC}") = "Calculator", "Calculator\Calculator.csproj", "{9F35E5C7-0043-4086-B2CC-C21EAD972189}"
EndProject
Project("{FAE04EC0-301F-11D3-BF4B-00C04F79EFBC}") = "DiscountCalculator", "DiscountCalculator\DiscountCalculator.csproj", "{59E68DB5-C43F-4FA0-9CE7-D4B399FA08C1}"
EndProject
Project("{FAE04EC0-301F-11D3-BF4B-00C04F79EFBC}") = "test", "test\test.csproj", "{ADF76366-A2DF-4584-93A6-D5ED58F76D10}"
EndProject
Global
	GlobalSection(SolutionConfigurationPlatforms) = preSolution
		Debug|Any CPU = Debug|Any CPU
		Release|Any CPU = Release|Any CPU
	EndGlobalSection
	GlobalSection(ProjectConfigurationPlatforms) = postSolution
		{11FBA6BD-5B62-4E0D-81CA-180DF20E0C5C}.Debug|Any CPU.ActiveCfg = Debug|Any CPU
		{11FBA6BD-5B62-4E0D-81CA-180DF20E0C5C}.Debug|Any CPU.Build.0 = Debug|Any CPU
		{11FBA6BD-5B62-4E0D-81CA-180DF20E0C5C}.Release|Any CPU.ActiveCfg = Release|Any CPU
		{11FBA6BD-5B62-4E0D-81CA-180DF20E0C5C}.Release|Any CPU.Build.0 = Release|Any CPU
		{4F762405-7169-4C61-B4B0-B885A254295B}.Debug|Any CPU.ActiveCfg = Debug|Any CPU
		{4F762405-7169-4C61-B4B0-B885A254295B}.Debug|Any CPU.Build.0 = Debug|Any CPU
		{4F762405-7169-4C61-B4B0-B885A254295B}.Release|Any CPU.ActiveCfg = Release|Any CPU
		{4F762405-7169-4C61-B4B0-B885A254295B}.Release|Any CPU.Build.0 = Release|Any CPU
		{9F35E5C7-0043-4086-B2CC-C21EAD972189}.Debug|Any CPU.ActiveCfg = Debug|Any CPU
		{9F35E5C7-0043-4086-B2CC-C21EAD972189}.Debug|Any CPU.Build.0 = Debug|Any CPU
		{9F35E5C7-0043-4086-B2CC-C21EAD972189}.Release|Any CPU.ActiveCfg = Release|Any CPU
		{9F35E5C7-0043-4086-B2CC-C21EAD972189}.Release|Any CPU.Build.0 = Release|Any CPU
		{59E68DB5-C43F-4FA0-9CE7-D4B399FA08C1}.Debug|Any CPU.ActiveCfg = Debug|Any CPU
		{59E68DB5-C43F-4FA0-9CE7-D4B399FA08C1}.Debug|Any CPU.Build.0 = Debug|Any CPU
		{59E68DB5-C43F-4FA0-9CE7-D4B399FA08C1}.Release|Any CPU.ActiveCfg = Release|Any CPU
		{59E68DB5-C43F-4FA0-9CE7-D4B399FA08C1}.Release|Any CPU.Build.0 = Release|Any CPU
		{ADF76366-A2DF-4584-93A6-D5ED58F76D10}.Debug|Any CPU.ActiveCfg = Debug|Any CPU
		{ADF76366-A2DF-4584-93A6-D5ED58F76D10}.Debug|Any CPU.Build.0 = Debug|Any CPU
		{ADF76366-A2DF-4584-93A6-D5ED58F76D10}.Release|Any CPU.ActiveCfg = Release|Any CPU
		{ADF76366-A2DF-4584-93A6-D5ED58F76D10}.Release|Any CPU.Build.0 = Release|Any CPU
	EndGlobalSection
	GlobalSection(SolutionProperties) = preSolution
		HideSolutionNode = FALSE
	EndGlobalSection
	GlobalSection(ExtensibilityGlobals) = postSolution
		SolutionGuid = {9754DBC3-C015-462A-8BF1-90E0051A115F}
	EndGlobalSection
EndGlobal
